
Microsoft Visual Studio Solution File, Format Version 12.00
# Visual Studio Version 17
VisualStudioVersion = 17.0.31903.59
MinimumVisualStudioVersion = 10.0.40219.1
Project("{FAE04EC0-301F-11D3-BF4B-00C04F79EFBC}") = "SpaceBattle.Lib", "SpaceBattle.Lib\SpaceBattle.Lib.csproj", "{7247F92D-4EDC-48D2-97AA-AE45D9A12A33}"
EndProject
Project("{FAE04EC0-301F-11D3-BF4B-00C04F79EFBC}") = "SpaceBattle.Lib.Tests", "SpaceBattle.Lib.Tests\SpaceBattle.Lib.Tests.csproj", "{C88D8DC9-CC84-4562-8C0D-DED85C66165E}"
EndProject
Global
	GlobalSection(SolutionConfigurationPlatforms) = preSolution
		Debug|Any CPU = Debug|Any CPU
		Release|Any CPU = Release|Any CPU
	EndGlobalSection
	GlobalSection(SolutionProperties) = preSolution
		HideSolutionNode = FALSE
	EndGlobalSection
	GlobalSection(ProjectConfigurationPlatforms) = postSolution
		{7247F92D-4EDC-48D2-97AA-AE45D9A12A33}.Debug|Any CPU.ActiveCfg = Debug|Any CPU
		{7247F92D-4EDC-48D2-97AA-AE45D9A12A33}.Debug|Any CPU.Build.0 = Debug|Any CPU
		{7247F92D-4EDC-48D2-97AA-AE45D9A12A33}.Release|Any CPU.ActiveCfg = Release|Any CPU
		{7247F92D-4EDC-48D2-97AA-AE45D9A12A33}.Release|Any CPU.Build.0 = Release|Any CPU
		{C88D8DC9-CC84-4562-8C0D-DED85C66165E}.Debug|Any CPU.ActiveCfg = Debug|Any CPU
		{C88D8DC9-CC84-4562-8C0D-DED85C66165E}.Debug|Any CPU.Build.0 = Debug|Any CPU
		{C88D8DC9-CC84-4562-8C0D-DED85C66165E}.Release|Any CPU.ActiveCfg = Release|Any CPU
		{C88D8DC9-CC84-4562-8C0D-DED85C66165E}.Release|Any CPU.Build.0 = Release|Any CPU
	EndGlobalSection
EndGlobal
