Microsoft Visual Studio Solution File, Format Version 12.00
# Visual Studio Version 17
VisualStudioVersion = 17.0.31903.59
MinimumVisualStudioVersion = 10.0.40219.1
Project("{FAE04EC0-301F-11D3-BF4B-00C04F79EFBC}") = "SpaceBattle.Lib", "SpaceBattle.Lib\SpaceBattle.Lib.csproj", "{B319BC2C-B4DD-434E-A16F-6CC15326148F}"
EndProject
Project("{FAE04EC0-301F-11D3-BF4B-00C04F79EFBC}") = "SpaceBattle.Lib.Tests", "SpaceBattle.Lib.Tests\SpaceBattle.Lib.Tests.csproj", "{9AD678E1-A11A-42F7-A206-FD02FB44A1FC}"
EndProject
Global
	GlobalSection(SolutionConfigurationPlatforms) = preSolution
		Debug|Any CPU = Debug|Any CPU
		Release|Any CPU = Release|Any CPU
	EndGlobalSection
	GlobalSection(SolutionProperties) = preSolution
		HideSolutionNode = FALSE
	EndGlobalSection
	GlobalSection(ProjectConfigurationPlatforms) = postSolution
		{B319BC2C-B4DD-434E-A16F-6CC15326148F}.Debug|Any CPU.ActiveCfg = Debug|Any CPU
		{B319BC2C-B4DD-434E-A16F-6CC15326148F}.Debug|Any CPU.Build.0 = Debug|Any CPU
		{B319BC2C-B4DD-434E-A16F-6CC15326148F}.Release|Any CPU.ActiveCfg = Release|Any CPU
		{B319BC2C-B4DD-434E-A16F-6CC15326148F}.Release|Any CPU.Build.0 = Release|Any CPU
		{9AD678E1-A11A-42F7-A206-FD02FB44A1FC}.Debug|Any CPU.ActiveCfg = Debug|Any CPU
		{9AD678E1-A11A-42F7-A206-FD02FB44A1FC}.Debug|Any CPU.Build.0 = Debug|Any CPU
		{9AD678E1-A11A-42F7-A206-FD02FB44A1FC}.Release|Any CPU.ActiveCfg = Release|Any CPU
		{9AD678E1-A11A-42F7-A206-FD02FB44A1FC}.Release|Any CPU.Build.0 = Release|Any CPU
	EndGlobalSection
EndGlobal
